PODS:
  - Flutter (1.0.0)
  - flutter_foreground_task (0.0.1):
    - Flutter
  - flutter_local_notifications (0.0.1):
    - Flutter
  - flutter_soloud (0.0.1):
    - Flutter
  - flutter_timezone (0.0.1):
    - Flutter
  - sign_in_with_apple (0.0.1):
    - Flutter

DEPENDENCIES:
  - Flutter (from `Flutter`)
  - flutter_foreground_task (from `.symlinks/plugins/flutter_foreground_task/ios`)
  - flutter_local_notifications (from `.symlinks/plugins/flutter_local_notifications/ios`)
  - flutter_soloud (from `.symlinks/plugins/flutter_soloud/ios`)
  - flutter_timezone (from `.symlinks/plugins/flutter_timezone/ios`)
  - sign_in_with_apple (from `.symlinks/plugins/sign_in_with_apple/ios`)

EXTERNAL SOURCES:
  Flutter:
    :path: Flutter
  flutter_foreground_task:
    :path: ".symlinks/plugins/flutter_foreground_task/ios"
  flutter_local_notifications:
    :path: ".symlinks/plugins/flutter_local_notifications/ios"
  flutter_soloud:
    :path: ".symlinks/plugins/flutter_soloud/ios"
  flutter_timezone:
    :path: ".symlinks/plugins/flutter_timezone/ios"
  sign_in_with_apple:
    :path: ".symlinks/plugins/sign_in_with_apple/ios"

SPEC CHECKSUMS:
  Flutter: cabc95a1d2626b1b06e7179b784ebcf0c0cde467
  flutter_foreground_task: a159d2c2173b33699ddb3e6c2a067045d7cebb89
  flutter_local_notifications: 395056b3175ba4f08480a7c5de30cd36d69827e4
  flutter_soloud: 272cc604453b6ca135f274045fb259e7c6426122
  flutter_timezone: ee50ce7786b5fde27e2fe5375bbc8c9661ffc13f
  sign_in_with_apple: c5dcc141574c8c54d5ac99dd2163c0c72ad22418

PODFILE CHECKSUM: 6830031b6851ac0c809ce16aa5862d85d2d3ebbd

COCOAPODS: 1.17.0
